
Microsoft Visual Studio Solution File, Format Version 12.00
# Visual Studio 15
VisualStudioVersion = 15.0.28307.421
MinimumVisualStudioVersion = 10.0.40219.1
Project("{FAE04EC0-301F-11D3-BF4B-00C04F79EFBC}") = "FontLink Settings", "FontLink Settings\FontLink Settings.csproj", "{5040C250-CC53-4C39-93AA-913B1BF723F6}"
EndProject
Global
	GlobalSection(SolutionConfigurationPlatforms) = preSolution
		Debug|Any CPU = Debug|Any CPU
		Release|Any CPU = Release|Any CPU
	EndGlobalSection
	GlobalSection(ProjectConfigurationPlatforms) = postSolution
		{5040C250-CC53-4C39-93AA-913B1BF723F6}.Debug|Any CPU.ActiveCfg = Debug|Any CPU
		{5040C250-CC53-4C39-93AA-913B1BF723F6}.Debug|Any CPU.Build.0 = Debug|Any CPU
		{5040C250-CC53-4C39-93AA-913B1BF723F6}.Release|Any CPU.ActiveCfg = Release|Any CPU
		{5040C250-CC53-4C39-93AA-913B1BF723F6}.Release|Any CPU.Build.0 = Release|Any CPU
	EndGlobalSection
	GlobalSection(SolutionProperties) = preSolution
		HideSolutionNode = FALSE
	EndGlobalSection
	GlobalSection(ExtensibilityGlobals) = postSolution
		SolutionGuid = {255B3250-81B3-491E-BC52-FC39818B7F19}
	EndGlobalSection
EndGlobal
